{
  "object": {
    "pins": [
      {
        "package": "Cgd",
        "repositoryURL": "https://github.com/twostraws/Cgd.git",
        "state": {
          "branch": null,
          "revision": "2e370814715c3557bb1cbdcd96e610ce29e83e45",
          "version": "0.2.0"
        }
      },
      {
        "package": "Commander",
        "repositoryURL": "https://github.com/kylef/Commander.git",
        "state": {
          "branch": null,
          "revision": "e5b50ad7b2e91eeb828393e89b03577b16be7db9",
          "version": "0.8.0"
        }
      },
      {
        "package": "Spectre",
        "repositoryURL": "https://github.com/kylef/Spectre.git",
        "state": {
          "branch": null,
          "revision": "f14ff47f45642aa5703900980b014c2e9394b6e5",
          "version": "0.9.0"
        }
      },
      {
        "package": "SwiftGD",
        "repositoryURL": "https://github.com/twostraws/SwiftGD.git",
        "state": {
          "branch": null,
          "revision": "b038d13ef40ce6d11aa3599181e45f099814a053",
          "version": "2.2.0"
        }
      }
    ]
  },
  "version": 1
}
